{
  "name": "protos",
  "version": "1.0.0",
  "lockfileVersion": 1,
  "requires": true,
  "dependencies": {
    "google-protobuf": {
      "version": "3.10.0-rc.1",
      "resolved": "https://registry.npmjs.org/google-protobuf/-/google-protobuf-3.10.0-rc.1.tgz",
      "integrity": "sha512-tgpGwjqSYtHGpTaYBWUnf+T4CE+cjzLLFtouU4Y4iZn3VPiwwQfl/BGq3NzoGQnDqvFTqP9OE68lPwcUNwgdwQ=="
    },
    "ts-protoc-gen": {
      "version": "0.11.0",
      "resolved": "https://registry.npmjs.org/ts-protoc-gen/-/ts-protoc-gen-0.11.0.tgz",
      "integrity": "sha512-A/TbXf7JpHGj+bfQaR8H7qfoYC8jS8OQoWBRUVSFvJspg2UFHDkuAtLne3fxXzAAQL/qUofINjZpLAOhVkKMtg==",
      "requires": {
        "google-protobuf": "^3.6.1"
      },
      "dependencies": {
        "google-protobuf": {
          "version": "3.9.1",
          "resolved": "https://registry.npmjs.org/google-protobuf/-/google-protobuf-3.9.1.tgz",
          "integrity": "sha512-tkz7SVwBktFbqFK3teXFUY/VM57+mbUgV9bSD+sZH1ocHJ7uk7BfEWMRdU24dd0ciUDokreA7ghH2fYFIczQdw=="
        }
      }
    }
  }
}
